// !$*UTF8*$!
{
	archiveVersion = 1;
	classes = {
	};
	objectVersion = 50;
	objects = {

/* Begin PBXBuildFile section */
		5DE4C3F523815E8700CAA4D2 /* FizzBuzz WatchKit App.app in Embed Watch Content */ = {isa = PBXBuildFile; fileRef = 5DE4C3F423815E8700CAA4D2 /* FizzBuzz WatchKit App.app */; settings = {ATTRIBUTES = (RemoveHeadersOnCopy, ); }; };
		5DE4C3FB23815E8700CAA4D2 /* Interface.storyboard in Resources */ = {isa = PBXBuildFile; fileRef = 5DE4C3F923815E8700CAA4D2 /* Interface.storyboard */; };
		5DE4C3FD23815E8C00CAA4D2 /* Assets.xcassets in Resources */ = {isa = PBXBuildFile; fileRef = 5DE4C3FC23815E8C00CAA4D2 /* Assets.xcassets */; };
		5DE4C40423815E8C00CAA4D2 /* FizzBuzz WatchKit Extension.appex in Embed App Extensions */ = {isa = PBXBuildFile; fileRef = 5DE4C40323815E8C00CAA4D2 /* FizzBuzz WatchKit Extension.appex */; settings = {ATTRIBUTES = (RemoveHeadersOnCopy, ); }; };
		5DE4C40923815E8C00CAA4D2 /* ContentView.swift in Sources */ = {isa = PBXBuildFile; fileRef = 5DE4C40823815E8C00CAA4D2 /* ContentView.swift */; };
		5DE4C40B23815E8C00CAA4D2 /* HostingController.swift in Sources */ = {isa = PBXBuildFile; fileRef = 5DE4C40A23815E8C00CAA4D2 /* HostingController.swift */; };
		5DE4C40D23815E8C00CAA4D2 /* ExtensionDelegate.swift in Sources */ = {isa = PBXBuildFile; fileRef = 5DE4C40C23815E8C00CAA4D2 /* ExtensionDelegate.swift */; };
		5DE4C40F23815E8F00CAA4D2 /* Assets.xcassets in Resources */ = {isa = PBXBuildFile; fileRef = 5DE4C40E23815E8F00CAA4D2 /* Assets.xcassets */; };
		5DE4C41223815E8F00CAA4D2 /* Preview Assets.xcassets in Resources */ = {isa = PBXBuildFile; fileRef = 5DE4C41123815E8F00CAA4D2 /* Preview Assets.xcassets */; };
/* End PBXBuildFile section */

/* Begin PBXContainerItemProxy section */
		5DE4C3F623815E8700CAA4D2 /* PBXContainerItemProxy */ = {
			isa = PBXContainerItemProxy;
			containerPortal = 5DE4C3EA23815E8700CAA4D2 /* Project object */;
			proxyType = 1;
			remoteGlobalIDString = 5DE4C3F323815E8700CAA4D2;
			remoteInfo = "FizzBuzz WatchKit App";
		};
		5DE4C40523815E8C00CAA4D2 /* PBXContainerItemProxy */ = {
			isa = PBXContainerItemProxy;
			containerPortal = 5DE4C3EA23815E8700CAA4D2 /* Project object */;
			proxyType = 1;
			remoteGlobalIDString = 5DE4C40223815E8C00CAA4D2;
			remoteInfo = "FizzBuzz WatchKit Extension";
		};
/* End PBXContainerItemProxy section */

/* Begin PBXCopyFilesBuildPhase section */
		5DE4C41923815E8F00CAA4D2 /* Embed App Extensions */ = {
			isa = PBXCopyFilesBuildPhase;
			buildActionMask = 2147483647;
			dstPath = "";
			dstSubfolderSpec = 13;
			files = (
				5DE4C40423815E8C00CAA4D2 /* FizzBuzz WatchKit Extension.appex in Embed App Extensions */,
			);
			name = "Embed App Extensions";
			runOnlyForDeploymentPostprocessing = 0;
		};
		5DE4C41D23815E8F00CAA4D2 /* Embed Watch Content */ = {
			isa = PBXCopyFilesBuildPhase;
			buildActionMask = 2147483647;
			dstPath = "$(CONTENTS_FOLDER_PATH)/Watch";
			dstSubfolderSpec = 16;
			files = (
				5DE4C3F523815E8700CAA4D2 /* FizzBuzz WatchKit App.app in Embed Watch Content */,
			);
			name = "Embed Watch Content";
			runOnlyForDeploymentPostprocessing = 0;
		};
/* End PBXCopyFilesBuildPhase section */

/* Begin PBXFileReference section */
		5DE4C3F023815E8700CAA4D2 /* FizzBuzz.app */ = {isa = PBXFileReference; explicitFileType = wrapper.application; includeInIndex = 0; path = FizzBuzz.app; sourceTree = BUILT_PRODUCTS_DIR; };
		5DE4C3F423815E8700CAA4D2 /* FizzBuzz WatchKit App.app */ = {isa = PBXFileReference; explicitFileType = wrapper.application; includeInIndex = 0; path = "FizzBuzz WatchKit App.app"; sourceTree = BUILT_PRODUCTS_DIR; };
		5DE4C3FA23815E8700CAA4D2 /* Base */ = {isa = PBXFileReference; lastKnownFileType = file.storyboard; name = Base; path = Base.lproj/Interface.storyboard; sourceTree = "<group>"; };
		5DE4C3FC23815E8C00CAA4D2 /* Assets.xcassets */ = {isa = PBXFileReference; lastKnownFileType = folder.assetcatalog; path = Assets.xcassets; sourceTree = "<group>"; };
		5DE4C3FE23815E8C00CAA4D2 /* Info.plist */ = {isa = PBXFileReference; lastKnownFileType = text.plist.xml; path = Info.plist; sourceTree = "<group>"; };
		5DE4C40323815E8C00CAA4D2 /* FizzBuzz WatchKit Extension.appex */ = {isa = PBXFileReference; explicitFileType = "wrapper.app-extension"; includeInIndex = 0; path = "FizzBuzz WatchKit Extension.appex"; sourceTree = BUILT_PRODUCTS_DIR; };
		5DE4C40823815E8C00CAA4D2 /* ContentView.swift */ = {isa = PBXFileReference; lastKnownFileType = sourcecode.swift; path = ContentView.swift; sourceTree = "<group>"; };
		5DE4C40A23815E8C00CAA4D2 /* HostingController.swift */ = {isa = PBXFileReference; lastKnownFileType = sourcecode.swift; path = HostingController.swift; sourceTree = "<group>"; };
		5DE4C40C23815E8C00CAA4D2 /* ExtensionDelegate.swift */ = {isa = PBXFileReference; lastKnownFileType = sourcecode.swift; path = ExtensionDelegate.swift; sourceTree = "<group>"; };
		5DE4C40E23815E8F00CAA4D2 /* Assets.xcassets */ = {isa = PBXFileReference; lastKnownFileType = folder.assetcatalog; path = Assets.xcassets; sourceTree = "<group>"; };
		5DE4C41123815E8F00CAA4D2 /* Preview Assets.xcassets */ = {isa = PBXFileReference; lastKnownFileType = folder.assetcatalog; path = "Preview Assets.xcassets"; sourceTree = "<group>"; };
		5DE4C41323815E8F00CAA4D2 /* Info.plist */ = {isa = PBXFileReference; lastKnownFileType = text.plist.xml; path = Info.plist; sourceTree = "<group>"; };
/* End PBXFileReference section */

/* Begin PBXFrameworksBuildPhase section */
		5DE4C40023815E8C00CAA4D2 /* Frameworks */ = {
			isa = PBXFrameworksBuildPhase;
			buildActionMask = 2147483647;
			files = (
			);
			runOnlyForDeploymentPostprocessing = 0;
		};
/* End PBXFrameworksBuildPhase section */

/* Begin PBXGroup section */
		5DE4C3E923815E8700CAA4D2 = {
			isa = PBXGroup;
			children = (
				5DE4C3F823815E8700CAA4D2 /* FizzBuzz WatchKit App */,
				5DE4C40723815E8C00CAA4D2 /* FizzBuzz WatchKit Extension */,
				5DE4C3F123815E8700CAA4D2 /* Products */,
			);
			sourceTree = "<group>";
		};
		5DE4C3F123815E8700CAA4D2 /* Products */ = {
			isa = PBXGroup;
			children = (
				5DE4C3F023815E8700CAA4D2 /* FizzBuzz.app */,
				5DE4C3F423815E8700CAA4D2 /* FizzBuzz WatchKit App.app */,
				5DE4C40323815E8C00CAA4D2 /* FizzBuzz WatchKit Extension.appex */,
			);
			name = Products;
			sourceTree = "<group>";
		};
		5DE4C3F823815E8700CAA4D2 /* FizzBuzz WatchKit App */ = {
			isa = PBXGroup;
			children = (
				5DE4C3F923815E8700CAA4D2 /* Interface.storyboard */,
				5DE4C3FC23815E8C00CAA4D2 /* Assets.xcassets */,
				5DE4C3FE23815E8C00CAA4D2 /* Info.plist */,
			);
			path = "FizzBuzz WatchKit App";
			sourceTree = "<group>";
		};
		5DE4C40723815E8C00CAA4D2 /* FizzBuzz WatchKit Extension */ = {
			isa = PBXGroup;
			children = (
				5DE4C40823815E8C00CAA4D2 /* ContentView.swift */,
				5DE4C40A23815E8C00CAA4D2 /* HostingController.swift */,
				5DE4C40C23815E8C00CAA4D2 /* ExtensionDelegate.swift */,
				5DE4C40E23815E8F00CAA4D2 /* Assets.xcassets */,
				5DE4C41323815E8F00CAA4D2 /* Info.plist */,
				5DE4C41023815E8F00CAA4D2 /* Preview Content */,
			);
			path = "FizzBuzz WatchKit Extension";
			sourceTree = "<group>";
		};
		5DE4C41023815E8F00CAA4D2 /* Preview Content */ = {
			isa = PBXGroup;
			children = (
				5DE4C41123815E8F00CAA4D2 /* Preview Assets.xcassets */,
			);
			path = "Preview Content";
			sourceTree = "<group>";
		};
/* End PBXGroup section */

/* Begin PBXNativeTarget section */
		5DE4C3EF23815E8700CAA4D2 /* FizzBuzz */ = {
			isa = PBXNativeTarget;
			buildConfigurationList = 5DE4C41E23815E8F00CAA4D2 /* Build configuration list for PBXNativeTarget "FizzBuzz" */;
			buildPhases = (
				5DE4C3EE23815E8700CAA4D2 /* Resources */,
				5DE4C41D23815E8F00CAA4D2 /* Embed Watch Content */,
			);
			buildRules = (
			);
			dependencies = (
				5DE4C3F723815E8700CAA4D2 /* PBXTargetDependency */,
			);
			name = FizzBuzz;
			productName = FizzBuzz;
			productReference = 5DE4C3F023815E8700CAA4D2 /* FizzBuzz.app */;
			productType = "com.apple.product-type.application.watchapp2-container";
		};
		5DE4C3F323815E8700CAA4D2 /* FizzBuzz WatchKit App */ = {
			isa = PBXNativeTarget;
			buildConfigurationList = 5DE4C41A23815E8F00CAA4D2 /* Build configuration list for PBXNativeTarget "FizzBuzz WatchKit App" */;
			buildPhases = (
				5DE4C3F223815E8700CAA4D2 /* Resources */,
				5DE4C41923815E8F00CAA4D2 /* Embed App Extensions */,
			);
			buildRules = (
			);
			dependencies = (
				5DE4C40623815E8C00CAA4D2 /* PBXTargetDependency */,
			);
			name = "FizzBuzz WatchKit App";
			productName = "FizzBuzz WatchKit App";
			productReference = 5DE4C3F423815E8700CAA4D2 /* FizzBuzz WatchKit App.app */;
			productType = "com.apple.product-type.application.watchapp2";
		};
		5DE4C40223815E8C00CAA4D2 /* FizzBuzz WatchKit Extension */ = {
			isa = PBXNativeTarget;
			buildConfigurationList = 5DE4C41623815E8F00CAA4D2 /* Build configuration list for PBXNativeTarget "FizzBuzz WatchKit Extension" */;
			buildPhases = (
				5DE4C3FF23815E8C00CAA4D2 /* Sources */,
				5DE4C40023815E8C00CAA4D2 /* Frameworks */,
				5DE4C40123815E8C00CAA4D2 /* Resources */,
			);
			buildRules = (
			);
			dependencies = (
			);
			name = "FizzBuzz WatchKit Extension";
			productName = "FizzBuzz WatchKit Extension";
			productReference = 5DE4C40323815E8C00CAA4D2 /* FizzBuzz WatchKit Extension.appex */;
			productType = "com.apple.product-type.watchkit2-extension";
		};
/* End PBXNativeTarget section */

/* Begin PBXProject section */
		5DE4C3EA23815E8700CAA4D2 /* Project object */ = {
			isa = PBXProject;
			attributes = {
				LastSwiftUpdateCheck = 1120;
				LastUpgradeCheck = 1120;
				ORGANIZATIONNAME = "Mark Booth";
				TargetAttributes = {
					5DE4C3EF23815E8700CAA4D2 = {
						CreatedOnToolsVersion = 11.2.1;
					};
					5DE4C3F323815E8700CAA4D2 = {
						CreatedOnToolsVersion = 11.2.1;
					};
					5DE4C40223815E8C00CAA4D2 = {
						CreatedOnToolsVersion = 11.2.1;
					};
				};
			};
			buildConfigurationList = 5DE4C3ED23815E8700CAA4D2 /* Build configuration list for PBXProject "FizzBuzz" */;
			compatibilityVersion = "Xcode 9.3";
			developmentRegion = en;
			hasScannedForEncodings = 0;
			knownRegions = (
				en,
				Base,
			);
			mainGroup = 5DE4C3E923815E8700CAA4D2;
			productRefGroup = 5DE4C3F123815E8700CAA4D2 /* Products */;
			projectDirPath = "";
			projectRoot = "";
			targets = (
				5DE4C3EF23815E8700CAA4D2 /* FizzBuzz */,
				5DE4C3F323815E8700CAA4D2 /* FizzBuzz WatchKit App */,
				5DE4C40223815E8C00CAA4D2 /* FizzBuzz WatchKit Extension */,
			);
		};
/* End PBXProject section */

/* Begin PBXResourcesBuildPhase section */
		5DE4C3EE23815E8700CAA4D2 /* Resources */ = {
			isa = PBXResourcesBuildPhase;
			buildActionMask = 2147483647;
			files = (
			);
			runOnlyForDeploymentPostprocessing = 0;
		};
		5DE4C3F223815E8700CAA4D2 /* Resources */ = {
			isa = PBXResourcesBuildPhase;
			buildActionMask = 2147483647;
			files = (
				5DE4C3FD23815E8C00CAA4D2 /* Assets.xcassets in Resources */,
				5DE4C3FB23815E8700CAA4D2 /* Interface.storyboard in Resources */,
			);
			runOnlyForDeploymentPostprocessing = 0;
		};
		5DE4C40123815E8C00CAA4D2 /* Resources */ = {
			isa = PBXResourcesBuildPhase;
			buildActionMask = 2147483647;
			files = (
				5DE4C41223815E8F00CAA4D2 /* Preview Assets.xcassets in Resources */,
				5DE4C40F23815E8F00CAA4D2 /* Assets.xcassets in Resources */,
			);
			runOnlyForDeploymentPostprocessing = 0;
		};
/* End PBXResourcesBuildPhase section */

/* Begin PBXSourcesBuildPhase section */
		5DE4C3FF23815E8C00CAA4D2 /* Sources */ = {
			isa = PBXSourcesBuildPhase;
			buildActionMask = 2147483647;
			files = (
				5DE4C40B23815E8C00CAA4D2 /* HostingController.swift in Sources */,
				5DE4C40923815E8C00CAA4D2 /* ContentView.swift in Sources */,
				5DE4C40D23815E8C00CAA4D2 /* ExtensionDelegate.swift in Sources */,
			);
			runOnlyForDeploymentPostprocessing = 0;
		};
/* End PBXSourcesBuildPhase section */

/* Begin PBXTargetDependency section */
		5DE4C3F723815E8700CAA4D2 /* PBXTargetDependency */ = {
			isa = PBXTargetDependency;
			target = 5DE4C3F323815E8700CAA4D2 /* FizzBuzz WatchKit App */;
			targetProxy = 5DE4C3F623815E8700CAA4D2 /* PBXContainerItemProxy */;
		};
		5DE4C40623815E8C00CAA4D2 /* PBXTargetDependency */ = {
			isa = PBXTargetDependency;
			target = 5DE4C40223815E8C00CAA4D2 /* FizzBuzz WatchKit Extension */;
			targetProxy = 5DE4C40523815E8C00CAA4D2 /* PBXContainerItemProxy */;
		};
/* End PBXTargetDependency section */

/* Begin PBXVariantGroup section */
		5DE4C3F923815E8700CAA4D2 /* Interface.storyboard */ = {
			isa = PBXVariantGroup;
			children = (
				5DE4C3FA23815E8700CAA4D2 /* Base */,
			);
			name = Interface.storyboard;
			sourceTree = "<group>";
		};
/* End PBXVariantGroup section */

/* Begin XCBuildConfiguration section */
		5DE4C41423815E8F00CAA4D2 /* Debug */ = {
			isa = XCBuildConfiguration;
			buildSettings = {
				ALWAYS_SEARCH_USER_PATHS = NO;
				CLANG_ANALYZER_NONNULL = YES;
				CLANG_ANALYZER_NUMBER_OBJECT_CONVERSION = YES_AGGRESSIVE;
				CLANG_CXX_LANGUAGE_STANDARD = "gnu++14";
				CLANG_CXX_LIBRARY = "libc++";
				CLANG_ENABLE_MODULES = YES;
				CLANG_ENABLE_OBJC_ARC = YES;
				CLANG_ENABLE_OBJC_WEAK = YES;
				CLANG_WARN_BLOCK_CAPTURE_AUTORELEASING = YES;
				CLANG_WARN_BOOL_CONVERSION = YES;
				CLANG_WARN_COMMA = YES;
				CLANG_WARN_CONSTANT_CONVERSION = YES;
				CLANG_WARN_DEPRECATED_OBJC_IMPLEMENTATIONS = YES;
				CLANG_WARN_DIRECT_OBJC_ISA_USAGE = YES_ERROR;
				CLANG_WARN_DOCUMENTATION_COMMENTS = YES;
				CLANG_WARN_EMPTY_BODY = YES;
				CLANG_WARN_ENUM_CONVERSION = YES;
				CLANG_WARN_INFINITE_RECURSION = YES;
				CLANG_WARN_INT_CONVERSION = YES;
				CLANG_WARN_NON_LITERAL_NULL_CONVERSION = YES;
				CLANG_WARN_OBJC_IMPLICIT_RETAIN_SELF = YES;
				CLANG_WARN_OBJC_LITERAL_CONVERSION = YES;
				CLANG_WARN_OBJC_ROOT_CLASS = YES_ERROR;
				CLANG_WARN_RANGE_LOOP_ANALYSIS = YES;
				CLANG_WARN_STRICT_PROTOTYPES = YES;
				CLANG_WARN_SUSPICIOUS_MOVE = YES;
				CLANG_WARN_UNGUARDED_AVAILABILITY = YES_AGGRESSIVE;
				CLANG_WARN_UNREACHABLE_CODE = YES;
				CLANG_WARN__DUPLICATE_METHOD_MATCH = YES;
				COPY_PHASE_STRIP = NO;
				DEBUG_INFORMATION_FORMAT = dwarf;
				ENABLE_STRICT_OBJC_MSGSEND = YES;
				ENABLE_TESTABILITY = YES;
				GCC_C_LANGUAGE_STANDARD = gnu11;
				GCC_DYNAMIC_NO_PIC = NO;
				GCC_NO_COMMON_BLOCKS = YES;
				GCC_OPTIMIZATION_LEVEL = 0;
				GCC_PREPROCESSOR_DEFINITIONS = (
					"DEBUG=1",
					"$(inherited)",
				);
				GCC_WARN_64_TO_32_BIT_CONVERSION = YES;
				GCC_WARN_ABOUT_RETURN_TYPE = YES_ERROR;
				GCC_WARN_UNDECLARED_SELECTOR = YES;
				GCC_WARN_UNINITIALIZED_AUTOS = YES_AGGRESSIVE;
				GCC_WARN_UNUSED_FUNCTION = YES;
				GCC_WARN_UNUSED_VARIABLE = YES;
				MTL_ENABLE_DEBUG_INFO = INCLUDE_SOURCE;
				MTL_FAST_MATH = YES;
				ONLY_ACTIVE_ARCH = YES;
				SDKROOT = iphoneos;
				SWIFT_ACTIVE_COMPILATION_CONDITIONS = DEBUG;
				SWIFT_OPTIMIZATION_LEVEL = "-Onone";
			};
			name = Debug;
		};
		5DE4C41523815E8F00CAA4D2 /* Release */ = {
			isa = XCBuildConfiguration;
			buildSettings = {
				ALWAYS_SEARCH_USER_PATHS = NO;
				CLANG_ANALYZER_NONNULL = YES;
				CLANG_ANALYZER_NUMBER_OBJECT_CONVERSION = YES_AGGRESSIVE;
				CLANG_CXX_LANGUAGE_STANDARD = "gnu++14";
				CLANG_CXX_LIBRARY = "libc++";
				CLANG_ENABLE_MODULES = YES;
				CLANG_ENABLE_OBJC_ARC = YES;
				CLANG_ENABLE_OBJC_WEAK = YES;
				CLANG_WARN_BLOCK_CAPTURE_AUTORELEASING = YES;
				CLANG_WARN_BOOL_CONVERSION = YES;
				CLANG_WARN_COMMA = YES;
				CLANG_WARN_CONSTANT_CONVERSION = YES;
				CLANG_WARN_DEPRECATED_OBJC_IMPLEMENTATIONS = YES;
				CLANG_WARN_DIRECT_OBJC_ISA_USAGE = YES_ERROR;
				CLANG_WARN_DOCUMENTATION_COMMENTS = YES;
				CLANG_WARN_EMPTY_BODY = YES;
				CLANG_WARN_ENUM_CONVERSION = YES;
				CLANG_WARN_INFINITE_RECURSION = YES;
				CLANG_WARN_INT_CONVERSION = YES;
				CLANG_WARN_NON_LITERAL_NULL_CONVERSION = YES;
				CLANG_WARN_OBJC_IMPLICIT_RETAIN_SELF = YES;
				CLANG_WARN_OBJC_LITERAL_CONVERSION = YES;
				CLANG_WARN_OBJC_ROOT_CLASS = YES_ERROR;
				CLANG_WARN_RANGE_LOOP_ANALYSIS = YES;
				CLANG_WARN_STRICT_PROTOTYPES = YES;
				CLANG_WARN_SUSPICIOUS_MOVE = YES;
				CLANG_WARN_UNGUARDED_AVAILABILITY = YES_AGGRESSIVE;
				CLANG_WARN_UNREACHABLE_CODE = YES;
				CLANG_WARN__DUPLICATE_METHOD_MATCH = YES;
				COPY_PHASE_STRIP = NO;
				DEBUG_INFORMATION_FORMAT = "dwarf-with-dsym";
				ENABLE_NS_ASSERTIONS = NO;
				ENABLE_STRICT_OBJC_MSGSEND = YES;
				GCC_C_LANGUAGE_STANDARD = gnu11;
				GCC_NO_COMMON_BLOCKS = YES;
				GCC_WARN_64_TO_32_BIT_CONVERSION = YES;
				GCC_WARN_ABOUT_RETURN_TYPE = YES_ERROR;
				GCC_WARN_UNDECLARED_SELECTOR = YES;
				GCC_WARN_UNINITIALIZED_AUTOS = YES_AGGRESSIVE;
				GCC_WARN_UNUSED_FUNCTION = YES;
				GCC_WARN_UNUSED_VARIABLE = YES;
				MTL_ENABLE_DEBUG_INFO = NO;
				MTL_FAST_MATH = YES;
				SDKROOT = iphoneos;
				SWIFT_COMPILATION_MODE = wholemodule;
				SWIFT_OPTIMIZATION_LEVEL = "-O";
				VALIDATE_PRODUCT = YES;
			};
			name = Release;
		};
		5DE4C41723815E8F00CAA4D2 /* Debug */ = {
			isa = XCBuildConfiguration;
			buildSettings = {
				ASSETCATALOG_COMPILER_COMPLICATION_NAME = Complication;
				CODE_SIGN_STYLE = Automatic;
				DEVELOPMENT_ASSET_PATHS = "\"FizzBuzz WatchKit Extension/Preview Content\"";
				DEVELOPMENT_TEAM = H4EAMFF2AB;
				ENABLE_PREVIEWS = YES;
				INFOPLIST_FILE = "FizzBuzz WatchKit Extension/Info.plist";
				LD_RUNPATH_SEARCH_PATHS = (
					"$(inherited)",
					"@executable_path/Frameworks",
					"@executable_path/../../Frameworks",
				);
				PRODUCT_BUNDLE_IDENTIFIER = com.markbsystems.FizzBuzz.watchkitapp.watchkitextension;
				PRODUCT_NAME = "${TARGET_NAME}";
				SDKROOT = watchos;
				SKIP_INSTALL = YES;
				SWIFT_VERSION = 5.0;
				TARGETED_DEVICE_FAMILY = 4;
				WATCHOS_DEPLOYMENT_TARGET = 6.1;
			};
			name = Debug;
		};
		5DE4C41823815E8F00CAA4D2 /* Release */ = {
			isa = XCBuildConfiguration;
			buildSettings = {
				ASSETCATALOG_COMPILER_COMPLICATION_NAME = Complication;
				CODE_SIGN_STYLE = Automatic;
				DEVELOPMENT_ASSET_PATHS = "\"FizzBuzz WatchKit Extension/Preview Content\"";
				DEVELOPMENT_TEAM = H4EAMFF2AB;
				ENABLE_PREVIEWS = YES;
				INFOPLIST_FILE = "FizzBuzz WatchKit Extension/Info.plist";
				LD_RUNPATH_SEARCH_PATHS = (
					"$(inherited)",
					"@executable_path/Frameworks",
					"@executable_path/../../Frameworks",
				);
				PRODUCT_BUNDLE_IDENTIFIER = com.markbsystems.FizzBuzz.watchkitapp.watchkitextension;
				PRODUCT_NAME = "${TARGET_NAME}";
				SDKROOT = watchos;
				SKIP_INSTALL = YES;
				SWIFT_VERSION = 5.0;
				TARGETED_DEVICE_FAMILY = 4;
				WATCHOS_DEPLOYMENT_TARGET = 6.1;
			};
			name = Release;
		};
		5DE4C41B23815E8F00CAA4D2 /* Debug */ = {
			isa = XCBuildConfiguration;
			buildSettings = {
				ALWAYS_EMBED_SWIFT_STANDARD_LIBRARIES = YES;
				ASSETCATALOG_COMPILER_APPICON_NAME = AppIcon;
				CODE_SIGN_STYLE = Automatic;
				DEVELOPMENT_TEAM = H4EAMFF2AB;
				IBSC_MODULE = FizzBuzz_WatchKit_Extension;
				INFOPLIST_FILE = "FizzBuzz WatchKit App/Info.plist";
				PRODUCT_BUNDLE_IDENTIFIER = com.markbsystems.FizzBuzz.watchkitapp;
				PRODUCT_NAME = "$(TARGET_NAME)";
				SDKROOT = watchos;
				SKIP_INSTALL = YES;
				SWIFT_VERSION = 5.0;
				TARGETED_DEVICE_FAMILY = 4;
				WATCHOS_DEPLOYMENT_TARGET = 6.1;
			};
			name = Debug;
		};
		5DE4C41C23815E8F00CAA4D2 /* Release */ = {
			isa = XCBuildConfiguration;
			buildSettings = {
				ALWAYS_EMBED_SWIFT_STANDARD_LIBRARIES = YES;
				ASSETCATALOG_COMPILER_APPICON_NAME = AppIcon;
				CODE_SIGN_STYLE = Automatic;
				DEVELOPMENT_TEAM = H4EAMFF2AB;
				IBSC_MODULE = FizzBuzz_WatchKit_Extension;
				INFOPLIST_FILE = "FizzBuzz WatchKit App/Info.plist";
				PRODUCT_BUNDLE_IDENTIFIER = com.markbsystems.FizzBuzz.watchkitapp;
				PRODUCT_NAME = "$(TARGET_NAME)";
				SDKROOT = watchos;
				SKIP_INSTALL = YES;
				SWIFT_VERSION = 5.0;
				TARGETED_DEVICE_FAMILY = 4;
				WATCHOS_DEPLOYMENT_TARGET = 6.1;
			};
			name = Release;
		};
		5DE4C41F23815E8F00CAA4D2 /* Debug */ = {
			isa = XCBuildConfiguration;
			buildSettings = {
				CODE_SIGN_STYLE = Automatic;
				CURRENT_PROJECT_VERSION = 1;
				DEVELOPMENT_TEAM = H4EAMFF2AB;
				MARKETING_VERSION = 1.0;
				PRODUCT_BUNDLE_IDENTIFIER = com.markbsystems.FizzBuzz;
				PRODUCT_NAME = "$(TARGET_NAME)";
				SWIFT_VERSION = 5.0;
			};
			name = Debug;
		};
		5DE4C42023815E8F00CAA4D2 /* Release */ = {
			isa = XCBuildConfiguration;
			buildSettings = {
				CODE_SIGN_STYLE = Automatic;
				CURRENT_PROJECT_VERSION = 1;
				DEVELOPMENT_TEAM = H4EAMFF2AB;
				MARKETING_VERSION = 1.0;
				PRODUCT_BUNDLE_IDENTIFIER = com.markbsystems.FizzBuzz;
				PRODUCT_NAME = "$(TARGET_NAME)";
				SWIFT_VERSION = 5.0;
			};
			name = Release;
		};
/* End XCBuildConfiguration section */

/* Begin XCConfigurationList section */
		5DE4C3ED23815E8700CAA4D2 /* Build configuration list for PBXProject "FizzBuzz" */ = {
			isa = XCConfigurationList;
			buildConfigurations = (
				5DE4C41423815E8F00CAA4D2 /* Debug */,
				5DE4C41523815E8F00CAA4D2 /* Release */,
			);
			defaultConfigurationIsVisible = 0;
			defaultConfigurationName = Release;
		};
		5DE4C41623815E8F00CAA4D2 /* Build configuration list for PBXNativeTarget "FizzBuzz WatchKit Extension" */ = {
			isa = XCConfigurationList;
			buildConfigurations = (
				5DE4C41723815E8F00CAA4D2 /* Debug */,
				5DE4C41823815E8F00CAA4D2 /* Release */,
			);
			defaultConfigurationIsVisible = 0;
			defaultConfigurationName = Release;
		};
		5DE4C41A23815E8F00CAA4D2 /* Build configuration list for PBXNativeTarget "FizzBuzz WatchKit App" */ = {
			isa = XCConfigurationList;
			buildConfigurations = (
				5DE4C41B23815E8F00CAA4D2 /* Debug */,
				5DE4C41C23815E8F00CAA4D2 /* Release */,
			);
			defaultConfigurationIsVisible = 0;
			defaultConfigurationName = Release;
		};
		5DE4C41E23815E8F00CAA4D2 /* Build configuration list for PBXNativeTarget "FizzBuzz" */ = {
			isa = XCConfigurationList;
			buildConfigurations = (
				5DE4C41F23815E8F00CAA4D2 /* Debug */,
				5DE4C42023815E8F00CAA4D2 /* Release */,
			);
			defaultConfigurationIsVisible = 0;
			defaultConfigurationName = Release;
		};
/* End XCConfigurationList section */
	};
	rootObject = 5DE4C3EA23815E8700CAA4D2 /* Project object */;
}
